
Microsoft Visual Studio Solution File, Format Version 12.00
# Visual Studio Version 16
VisualStudioVersion = 16.0.30320.27
MinimumVisualStudioVersion = 10.0.40219.1
Project("{9A19103F-16F7-4668-BE54-9A1E7A4F7556}") = "Univer_project", "Univer_project\Univer_project.csproj", "{C05CE9B4-448A-437B-A172-D37BED5F57D3}"
EndProject
Global
	GlobalSection(SolutionConfigurationPlatforms) = preSolution
		Debug|Any CPU = Debug|Any CPU
		Release|Any CPU = Release|Any CPU
	EndGlobalSection
	GlobalSection(ProjectConfigurationPlatforms) = postSolution
		{C05CE9B4-448A-437B-A172-D37BED5F57D3}.Debug|Any CPU.ActiveCfg = Debug|Any CPU
		{C05CE9B4-448A-437B-A172-D37BED5F57D3}.Debug|Any CPU.Build.0 = Debug|Any CPU
		{C05CE9B4-448A-437B-A172-D37BED5F57D3}.Release|Any CPU.ActiveCfg = Release|Any CPU
		{C05CE9B4-448A-437B-A172-D37BED5F57D3}.Release|Any CPU.Build.0 = Release|Any CPU
	EndGlobalSection
	GlobalSection(SolutionProperties) = preSolution
		HideSolutionNode = FALSE
	EndGlobalSection
	GlobalSection(ExtensibilityGlobals) = postSolution
		SolutionGuid = {02B622DB-C5D2-49E2-9E71-74BB045AF813}
	EndGlobalSection
EndGlobal
